
Microsoft Visual Studio Solution File, Format Version 12.00
# Visual Studio Version 17
VisualStudioVersion = 17.11.35303.130
MinimumVisualStudioVersion = 10.0.40219.1
Project("{FAE04EC0-301F-11D3-BF4B-00C04F79EFBC}") = "HospitalManagmentApp", "HospitalManagmentApp\HospitalManagmentApp.csproj", "{A42010CC-AA0A-4E34-8786-EF7E4EEAFD37}"
EndProject
Project("{FAE04EC0-301F-11D3-BF4B-00C04F79EFBC}") = "HospitalManagmentApp.Common", "HospialManagment.Common\HospitalManagmentApp.Common.csproj", "{97053594-7470-4DF1-AA23-089D40661E64}"
EndProject
Project("{FAE04EC0-301F-11D3-BF4B-00C04F79EFBC}") = "HospitalManagmentApp.Data", "HospitalManagment.Data\HospitalManagmentApp.Data.csproj", "{DBAB4B8E-36BE-458D-805B-605B54495327}"
EndProject
Project("{FAE04EC0-301F-11D3-BF4B-00C04F79EFBC}") = "HospitalManagmentApp.DataModels", "HospitalManagmentApp.DataModels\HospitalManagmentApp.DataModels.csproj", "{A17C082D-7416-4A74-866E-8E41CF6CE9BC}"
EndProject
Global
	GlobalSection(SolutionConfigurationPlatforms) = preSolution
		Debug|Any CPU = Debug|Any CPU
		Release|Any CPU = Release|Any CPU
	EndGlobalSection
	GlobalSection(ProjectConfigurationPlatforms) = postSolution
		{A42010CC-AA0A-4E34-8786-EF7E4EEAFD37}.Debug|Any CPU.ActiveCfg = Debug|Any CPU
		{A42010CC-AA0A-4E34-8786-EF7E4EEAFD37}.Debug|Any CPU.Build.0 = Debug|Any CPU
		{A42010CC-AA0A-4E34-8786-EF7E4EEAFD37}.Release|Any CPU.ActiveCfg = Release|Any CPU
		{A42010CC-AA0A-4E34-8786-EF7E4EEAFD37}.Release|Any CPU.Build.0 = Release|Any CPU
		{97053594-7470-4DF1-AA23-089D40661E64}.Debug|Any CPU.ActiveCfg = Debug|Any CPU
		{97053594-7470-4DF1-AA23-089D40661E64}.Debug|Any CPU.Build.0 = Debug|Any CPU
		{97053594-7470-4DF1-AA23-089D40661E64}.Release|Any CPU.ActiveCfg = Release|Any CPU
		{97053594-7470-4DF1-AA23-089D40661E64}.Release|Any CPU.Build.0 = Release|Any CPU
		{DBAB4B8E-36BE-458D-805B-605B54495327}.Debug|Any CPU.ActiveCfg = Debug|Any CPU
		{DBAB4B8E-36BE-458D-805B-605B54495327}.Debug|Any CPU.Build.0 = Debug|Any CPU
		{DBAB4B8E-36BE-458D-805B-605B54495327}.Release|Any CPU.ActiveCfg = Release|Any CPU
		{DBAB4B8E-36BE-458D-805B-605B54495327}.Release|Any CPU.Build.0 = Release|Any CPU
		{A17C082D-7416-4A74-866E-8E41CF6CE9BC}.Debug|Any CPU.ActiveCfg = Debug|Any CPU
		{A17C082D-7416-4A74-866E-8E41CF6CE9BC}.Debug|Any CPU.Build.0 = Debug|Any CPU
		{A17C082D-7416-4A74-866E-8E41CF6CE9BC}.Release|Any CPU.ActiveCfg = Release|Any CPU
		{A17C082D-7416-4A74-866E-8E41CF6CE9BC}.Release|Any CPU.Build.0 = Release|Any CPU
	EndGlobalSection
	GlobalSection(SolutionProperties) = preSolution
		HideSolutionNode = FALSE
	EndGlobalSection
	GlobalSection(ExtensibilityGlobals) = postSolution
		SolutionGuid = {2DED3C91-8CA2-4B00-8AA5-EA8103B87B64}
	EndGlobalSection
EndGlobal
