
Microsoft Visual Studio Solution File, Format Version 12.00
# Visual Studio Version 17
VisualStudioVersion = 17.11.35303.130
MinimumVisualStudioVersion = 10.0.40219.1
Project("{FAE04EC0-301F-11D3-BF4B-00C04F79EFBC}") = "HospitalManagmentApp", "HospitalManagmentApp\HospitalManagmentApp.csproj", "{A42010CC-AA0A-4E34-8786-EF7E4EEAFD37}"
EndProject
Global
	GlobalSection(SolutionConfigurationPlatforms) = preSolution
		Debug|Any CPU = Debug|Any CPU
		Release|Any CPU = Release|Any CPU
	EndGlobalSection
	GlobalSection(ProjectConfigurationPlatforms) = postSolution
		{A42010CC-AA0A-4E34-8786-EF7E4EEAFD37}.Debug|Any CPU.ActiveCfg = Debug|Any CPU
		{A42010CC-AA0A-4E34-8786-EF7E4EEAFD37}.Debug|Any CPU.Build.0 = Debug|Any CPU
		{A42010CC-AA0A-4E34-8786-EF7E4EEAFD37}.Release|Any CPU.ActiveCfg = Release|Any CPU
		{A42010CC-AA0A-4E34-8786-EF7E4EEAFD37}.Release|Any CPU.Build.0 = Release|Any CPU
	EndGlobalSection
	GlobalSection(SolutionProperties) = preSolution
		HideSolutionNode = FALSE
	EndGlobalSection
	GlobalSection(ExtensibilityGlobals) = postSolution
		SolutionGuid = {2DED3C91-8CA2-4B00-8AA5-EA8103B87B64}
	EndGlobalSection
EndGlobal
